
Microsoft Visual Studio Solution File, Format Version 12.00
# Visual Studio Version 17
VisualStudioVersion = 17.3.32825.248
MinimumVisualStudioVersion = 10.0.40219.1
Project("{FAE04EC0-301F-11D3-BF4B-00C04F79EFBC}") = "ExperimentalPhysicsCalculator", "ExperimentalPhysicsCalculator\ExperimentalPhysicsCalculator.csproj", "{935ABDD8-FE73-4AD7-8A74-1E589BB36E84}"
EndProject
Global
	GlobalSection(SolutionConfigurationPlatforms) = preSolution
		Debug|Any CPU = Debug|Any CPU
		Release|Any CPU = Release|Any CPU
	EndGlobalSection
	GlobalSection(ProjectConfigurationPlatforms) = postSolution
		{935ABDD8-FE73-4AD7-8A74-1E589BB36E84}.Debug|Any CPU.ActiveCfg = Debug|Any CPU
		{935ABDD8-FE73-4AD7-8A74-1E589BB36E84}.Debug|Any CPU.Build.0 = Debug|Any CPU
		{935ABDD8-FE73-4AD7-8A74-1E589BB36E84}.Release|Any CPU.ActiveCfg = Release|Any CPU
		{935ABDD8-FE73-4AD7-8A74-1E589BB36E84}.Release|Any CPU.Build.0 = Release|Any CPU
	EndGlobalSection
	GlobalSection(SolutionProperties) = preSolution
		HideSolutionNode = FALSE
	EndGlobalSection
	GlobalSection(ExtensibilityGlobals) = postSolution
		SolutionGuid = {4F1F7FDF-CE75-455D-8B4E-C5B2A3E05EB2}
	EndGlobalSection
EndGlobal
